
Microsoft Visual Studio Solution File, Format Version 12.00
# Visual Studio 15
VisualStudioVersion = 15.0.27004.2009
MinimumVisualStudioVersion = 10.0.40219.1
Project("{FAE04EC0-301F-11D3-BF4B-00C04F79EFBC}") = "Hummingbird.Model", "Hummingbird.Model\Hummingbird.Model.csproj", "{EBDCE515-9336-4D0D-B000-CC3DA6885F00}"
EndProject
Project("{FAE04EC0-301F-11D3-BF4B-00C04F79EFBC}") = "Hummingbird.DataLayer", "Hummingbird.DataLayer\Hummingbird.DataLayer.csproj", "{CFB5183A-0CF9-4E42-9B20-D36703161AA9}"
EndProject
Project("{FAE04EC0-301F-11D3-BF4B-00C04F79EFBC}") = "Hummingbird.DBInitializer", "DBInitializer\Hummingbird.DBInitializer.csproj", "{845456B1-46CD-416B-B17A-65BE8F6612EC}"
EndProject
Project("{FAE04EC0-301F-11D3-BF4B-00C04F79EFBC}") = "Hummingbird.DataLayer.SQL.Tests", "Hummingbird.DataLayer.SQL.Tests\Hummingbird.DataLayer.SQL.Tests.csproj", "{2262940F-58D1-474B-93FF-0EFD1BBBB7E9}"
EndProject
Project("{FAE04EC0-301F-11D3-BF4B-00C04F79EFBC}") = "Hummingbird.DataLayer.SQL", "Hummingbird.DataLayer.SQL\Hummingbird.DataLayer.SQL.csproj", "{42006684-21B1-43B1-95D5-49B70C39881B}"
EndProject
Project("{FAE04EC0-301F-11D3-BF4B-00C04F79EFBC}") = "Hummingbird.API", "Hummingbird.API\Hummingbird.API.csproj", "{DF3E1722-CD9E-4A68-B516-5CB2289067AF}"
EndProject
Project("{FAE04EC0-301F-11D3-BF4B-00C04F79EFBC}") = "Hummingbird.WinFormsClient", "Hummingbird.WinFormsClient\Hummingbird.WinFormsClient.csproj", "{019A4BF1-7F76-4E03-80C3-AAEA67E3E1AD}"
EndProject
Global
	GlobalSection(SolutionConfigurationPlatforms) = preSolution
		Debug|Any CPU = Debug|Any CPU
		Release|Any CPU = Release|Any CPU
	EndGlobalSection
	GlobalSection(ProjectConfigurationPlatforms) = postSolution
		{EBDCE515-9336-4D0D-B000-CC3DA6885F00}.Debug|Any CPU.ActiveCfg = Debug|Any CPU
		{EBDCE515-9336-4D0D-B000-CC3DA6885F00}.Debug|Any CPU.Build.0 = Debug|Any CPU
		{EBDCE515-9336-4D0D-B000-CC3DA6885F00}.Release|Any CPU.ActiveCfg = Release|Any CPU
		{EBDCE515-9336-4D0D-B000-CC3DA6885F00}.Release|Any CPU.Build.0 = Release|Any CPU
		{CFB5183A-0CF9-4E42-9B20-D36703161AA9}.Debug|Any CPU.ActiveCfg = Debug|Any CPU
		{CFB5183A-0CF9-4E42-9B20-D36703161AA9}.Debug|Any CPU.Build.0 = Debug|Any CPU
		{CFB5183A-0CF9-4E42-9B20-D36703161AA9}.Release|Any CPU.ActiveCfg = Release|Any CPU
		{CFB5183A-0CF9-4E42-9B20-D36703161AA9}.Release|Any CPU.Build.0 = Release|Any CPU
		{845456B1-46CD-416B-B17A-65BE8F6612EC}.Debug|Any CPU.ActiveCfg = Debug|Any CPU
		{845456B1-46CD-416B-B17A-65BE8F6612EC}.Debug|Any CPU.Build.0 = Debug|Any CPU
		{845456B1-46CD-416B-B17A-65BE8F6612EC}.Release|Any CPU.ActiveCfg = Release|Any CPU
		{845456B1-46CD-416B-B17A-65BE8F6612EC}.Release|Any CPU.Build.0 = Release|Any CPU
		{2262940F-58D1-474B-93FF-0EFD1BBBB7E9}.Debug|Any CPU.ActiveCfg = Debug|Any CPU
		{2262940F-58D1-474B-93FF-0EFD1BBBB7E9}.Debug|Any CPU.Build.0 = Debug|Any CPU
		{2262940F-58D1-474B-93FF-0EFD1BBBB7E9}.Release|Any CPU.ActiveCfg = Release|Any CPU
		{2262940F-58D1-474B-93FF-0EFD1BBBB7E9}.Release|Any CPU.Build.0 = Release|Any CPU
		{42006684-21B1-43B1-95D5-49B70C39881B}.Debug|Any CPU.ActiveCfg = Debug|Any CPU
		{42006684-21B1-43B1-95D5-49B70C39881B}.Debug|Any CPU.Build.0 = Debug|Any CPU
		{42006684-21B1-43B1-95D5-49B70C39881B}.Release|Any CPU.ActiveCfg = Release|Any CPU
		{42006684-21B1-43B1-95D5-49B70C39881B}.Release|Any CPU.Build.0 = Release|Any CPU
		{DF3E1722-CD9E-4A68-B516-5CB2289067AF}.Debug|Any CPU.ActiveCfg = Debug|Any CPU
		{DF3E1722-CD9E-4A68-B516-5CB2289067AF}.Debug|Any CPU.Build.0 = Debug|Any CPU
		{DF3E1722-CD9E-4A68-B516-5CB2289067AF}.Release|Any CPU.ActiveCfg = Release|Any CPU
		{DF3E1722-CD9E-4A68-B516-5CB2289067AF}.Release|Any CPU.Build.0 = Release|Any CPU
		{019A4BF1-7F76-4E03-80C3-AAEA67E3E1AD}.Debug|Any CPU.ActiveCfg = Debug|Any CPU
		{019A4BF1-7F76-4E03-80C3-AAEA67E3E1AD}.Debug|Any CPU.Build.0 = Debug|Any CPU
		{019A4BF1-7F76-4E03-80C3-AAEA67E3E1AD}.Release|Any CPU.ActiveCfg = Release|Any CPU
		{019A4BF1-7F76-4E03-80C3-AAEA67E3E1AD}.Release|Any CPU.Build.0 = Release|Any CPU
	EndGlobalSection
	GlobalSection(SolutionProperties) = preSolution
		HideSolutionNode = FALSE
	EndGlobalSection
	GlobalSection(ExtensibilityGlobals) = postSolution
		SolutionGuid = {D6FD4481-4163-4ED8-87AF-66DCBE3BFC81}
	EndGlobalSection
EndGlobal
